// !$*UTF8*$!
{
	archiveVersion = 1;
	classes = {
	};
	objectVersion = 50;
	objects = {

/* Begin PBXBuildFile section */
		FCC0332320D361C200EA77CB /* AppDelegate.m in Sources */ = {isa = PBXBuildFile; fileRef = FCC0332220D361C200EA77CB /* AppDelegate.m */; };
		FCC0332620D361C200EA77CB /* ViewController.m in Sources */ = {isa = PBXBuildFile; fileRef = FCC0332520D361C200EA77CB /* ViewController.m */; };
		FCC0332920D361C200EA77CB /* Main.storyboard in Resources */ = {isa = PBXBuildFile; fileRef = FCC0332720D361C200EA77CB /* Main.storyboard */; };
		FCC0332B20D361C300EA77CB /* Assets.xcassets in Resources */ = {isa = PBXBuildFile; fileRef = FCC0332A20D361C300EA77CB /* Assets.xcassets */; };
		FCC0332E20D361C300EA77CB /* LaunchScreen.storyboard in Resources */ = {isa = PBXBuildFile; fileRef = FCC0332C20D361C300EA77CB /* LaunchScreen.storyboard */; };
		FCC0333120D361C300EA77CB /* main.m in Sources */ = {isa = PBXBuildFile; fileRef = FCC0333020D361C300EA77CB /* main.m */; };
		FCC0333920D361FB00EA77CB /* WTFontSingleLineHeightCalculate.m in Sources */ = {isa = PBXBuildFile; fileRef = FCC0333820D361FB00EA77CB /* WTFontSingleLineHeightCalculate.m */; };
/* End PBXBuildFile section */

/* Begin PBXFileReference section */
		FCC0331E20D361C200EA77CB /* WTFontSingleLineHeightCalculate.app */ = {isa = PBXFileReference; explicitFileType = wrapper.application; includeInIndex = 0; path = WTFontSingleLineHeightCalculate.app; sourceTree = BUILT_PRODUCTS_DIR; };
		FCC0332120D361C200EA77CB /* AppDelegate.h */ = {isa = PBXFileReference; lastKnownFileType = sourcecode.c.h; path = AppDelegate.h; sourceTree = "<group>"; };
		FCC0332220D361C200EA77CB /* AppDelegate.m */ = {isa = PBXFileReference; lastKnownFileType = sourcecode.c.objc; path = AppDelegate.m; sourceTree = "<group>"; };
		FCC0332420D361C200EA77CB /* ViewController.h */ = {isa = PBXFileReference; lastKnownFileType = sourcecode.c.h; path = ViewController.h; sourceTree = "<group>"; };
		FCC0332520D361C200EA77CB /* ViewController.m */ = {isa = PBXFileReference; lastKnownFileType = sourcecode.c.objc; path = ViewController.m; sourceTree = "<group>"; };
		FCC0332820D361C200EA77CB /* Base */ = {isa = PBXFileReference; lastKnownFileType = file.storyboard; name = Base; path = Base.lproj/Main.storyboard; sourceTree = "<group>"; };
		FCC0332A20D361C300EA77CB /* Assets.xcassets */ = {isa = PBXFileReference; lastKnownFileType = folder.assetcatalog; path = Assets.xcassets; sourceTree = "<group>"; };
		FCC0332D20D361C300EA77CB /* Base */ = {isa = PBXFileReference; lastKnownFileType = file.storyboard; name = Base; path = Base.lproj/LaunchScreen.storyboard; sourceTree = "<group>"; };
		FCC0332F20D361C300EA77CB /* Info.plist */ = {isa = PBXFileReference; lastKnownFileType = text.plist.xml; path = Info.plist; sourceTree = "<group>"; };
		FCC0333020D361C300EA77CB /* main.m */ = {isa = PBXFileReference; lastKnownFileType = sourcecode.c.objc; path = main.m; sourceTree = "<group>"; };
		FCC0333720D361FB00EA77CB /* WTFontSingleLineHeightCalculate.h */ = {isa = PBXFileReference; lastKnownFileType = sourcecode.c.h; path = WTFontSingleLineHeightCalculate.h; sourceTree = "<group>"; };
		FCC0333820D361FB00EA77CB /* WTFontSingleLineHeightCalculate.m */ = {isa = PBXFileReference; lastKnownFileType = sourcecode.c.objc; path = WTFontSingleLineHeightCalculate.m; sourceTree = "<group>"; };
/* End PBXFileReference section */

/* Begin PBXFrameworksBuildPhase section */
		FCC0331B20D361C200EA77CB /* Frameworks */ = {
			isa = PBXFrameworksBuildPhase;
			buildActionMask = 2147483647;
			files = (
			);
			runOnlyForDeploymentPostprocessing = 0;
		};
/* End PBXFrameworksBuildPhase section */

/* Begin PBXGroup section */
		FCC0331520D361C100EA77CB = {
			isa = PBXGroup;
			children = (
				FCC0332020D361C200EA77CB /* WTFontSingleLineHeightCalculate */,
				FCC0331F20D361C200EA77CB /* Products */,
			);
			sourceTree = "<group>";
		};
		FCC0331F20D361C200EA77CB /* Products */ = {
			isa = PBXGroup;
			children = (
				FCC0331E20D361C200EA77CB /* WTFontSingleLineHeightCalculate.app */,
			);
			name = Products;
			sourceTree = "<group>";
		};
		FCC0332020D361C200EA77CB /* WTFontSingleLineHeightCalculate */ = {
			isa = PBXGroup;
			children = (
				FCC0333A20D3620300EA77CB /* WTFontSingleLineHeightCalculate */,
				FCC0332120D361C200EA77CB /* AppDelegate.h */,
				FCC0332220D361C200EA77CB /* AppDelegate.m */,
				FCC0332420D361C200EA77CB /* ViewController.h */,
				FCC0332520D361C200EA77CB /* ViewController.m */,
				FCC0332720D361C200EA77CB /* Main.storyboard */,
				FCC0332A20D361C300EA77CB /* Assets.xcassets */,
				FCC0332C20D361C300EA77CB /* LaunchScreen.storyboard */,
				FCC0332F20D361C300EA77CB /* Info.plist */,
				FCC0333020D361C300EA77CB /* main.m */,
			);
			path = WTFontSingleLineHeightCalculate;
			sourceTree = "<group>";
		};
		FCC0333A20D3620300EA77CB /* WTFontSingleLineHeightCalculate */ = {
			isa = PBXGroup;
			children = (
				FCC0333720D361FB00EA77CB /* WTFontSingleLineHeightCalculate.h */,
				FCC0333820D361FB00EA77CB /* WTFontSingleLineHeightCalculate.m */,
			);
			path = WTFontSingleLineHeightCalculate;
			sourceTree = "<group>";
		};
/* End PBXGroup section */

/* Begin PBXNativeTarget section */
		FCC0331D20D361C200EA77CB /* WTFontSingleLineHeightCalculate */ = {
			isa = PBXNativeTarget;
			buildConfigurationList = FCC0333420D361C300EA77CB /* Build configuration list for PBXNativeTarget "WTFontSingleLineHeightCalculate" */;
			buildPhases = (
				FCC0331A20D361C200EA77CB /* Sources */,
				FCC0331B20D361C200EA77CB /* Frameworks */,
				FCC0331C20D361C200EA77CB /* Resources */,
			);
			buildRules = (
			);
			dependencies = (
			);
			name = WTFontSingleLineHeightCalculate;
			productName = WTFontSingleLineHeightCalculate;
			productReference = FCC0331E20D361C200EA77CB /* WTFontSingleLineHeightCalculate.app */;
			productType = "com.apple.product-type.application";
		};
/* End PBXNativeTarget section */

/* Begin PBXProject section */
		FCC0331620D361C100EA77CB /* Project object */ = {
			isa = PBXProject;
			attributes = {
				LastUpgradeCheck = 0940;
				ORGANIZATIONNAME = wintelsui;
				TargetAttributes = {
					FCC0331D20D361C200EA77CB = {
						CreatedOnToolsVersion = 9.4;
					};
				};
			};
			buildConfigurationList = FCC0331920D361C100EA77CB /* Build configuration list for PBXProject "WTFontSingleLineHeightCalculate" */;
			compatibilityVersion = "Xcode 9.3";
			developmentRegion = en;
			hasScannedForEncodings = 0;
			knownRegions = (
				en,
				Base,
			);
			mainGroup = FCC0331520D361C100EA77CB;
			productRefGroup = FCC0331F20D361C200EA77CB /* Products */;
			projectDirPath = "";
			projectRoot = "";
			targets = (
				FCC0331D20D361C200EA77CB /* WTFontSingleLineHeightCalculate */,
			);
		};
/* End PBXProject section */

/* Begin PBXResourcesBuildPhase section */
		FCC0331C20D361C200EA77CB /* Resources */ = {
			isa = PBXResourcesBuildPhase;
			buildActionMask = 2147483647;
			files = (
				FCC0332E20D361C300EA77CB /* LaunchScreen.storyboard in Resources */,
				FCC0332B20D361C300EA77CB /* Assets.xcassets in Resources */,
				FCC0332920D361C200EA77CB /* Main.storyboard in Resources */,
			);
			runOnlyForDeploymentPostprocessing = 0;
		};
/* End PBXResourcesBuildPhase section */

/* Begin PBXSourcesBuildPhase section */
		FCC0331A20D361C200EA77CB /* Sources */ = {
			isa = PBXSourcesBuildPhase;
			buildActionMask = 2147483647;
			files = (
				FCC0332620D361C200EA77CB /* ViewController.m in Sources */,
				FCC0333920D361FB00EA77CB /* WTFontSingleLineHeightCalculate.m in Sources */,
				FCC0333120D361C300EA77CB /* main.m in Sources */,
				FCC0332320D361C200EA77CB /* AppDelegate.m in Sources */,
			);
			runOnlyForDeploymentPostprocessing = 0;
		};
/* End PBXSourcesBuildPhase section */

/* Begin PBXVariantGroup section */
		FCC0332720D361C200EA77CB /* Main.storyboard */ = {
			isa = PBXVariantGroup;
			children = (
				FCC0332820D361C200EA77CB /* Base */,
			);
			name = Main.storyboard;
			sourceTree = "<group>";
		};
		FCC0332C20D361C300EA77CB /* LaunchScreen.storyboard */ = {
			isa = PBXVariantGroup;
			children = (
				FCC0332D20D361C300EA77CB /* Base */,
			);
			name = LaunchScreen.storyboard;
			sourceTree = "<group>";
		};
/* End PBXVariantGroup section */

/* Begin XCBuildConfiguration section */
		FCC0333220D361C300EA77CB /* Debug */ = {
			isa = XCBuildConfiguration;
			buildSettings = {
				ALWAYS_SEARCH_USER_PATHS = NO;
				CLANG_ANALYZER_NONNULL = YES;
				CLANG_ANALYZER_NUMBER_OBJECT_CONVERSION = YES_AGGRESSIVE;
				CLANG_CXX_LANGUAGE_STANDARD = "gnu++14";
				CLANG_CXX_LIBRARY = "libc++";
				CLANG_ENABLE_MODULES = YES;
				CLANG_ENABLE_OBJC_ARC = YES;
				CLANG_ENABLE_OBJC_WEAK = YES;
				CLANG_WARN_BLOCK_CAPTURE_AUTORELEASING = YES;
				CLANG_WARN_BOOL_CONVERSION = YES;
				CLANG_WARN_COMMA = YES;
				CLANG_WARN_CONSTANT_CONVERSION = YES;
				CLANG_WARN_DEPRECATED_OBJC_IMPLEMENTATIONS = YES;
				CLANG_WARN_DIRECT_OBJC_ISA_USAGE = YES_ERROR;
				CLANG_WARN_DOCUMENTATION_COMMENTS = YES;
				CLANG_WARN_EMPTY_BODY = YES;
				CLANG_WARN_ENUM_CONVERSION = YES;
				CLANG_WARN_INFINITE_RECURSION = YES;
				CLANG_WARN_INT_CONVERSION = YES;
				CLANG_WARN_NON_LITERAL_NULL_CONVERSION = YES;
				CLANG_WARN_OBJC_IMPLICIT_RETAIN_SELF = YES;
				CLANG_WARN_OBJC_LITERAL_CONVERSION = YES;
				CLANG_WARN_OBJC_ROOT_CLASS = YES_ERROR;
				CLANG_WARN_RANGE_LOOP_ANALYSIS = YES;
				CLANG_WARN_STRICT_PROTOTYPES = YES;
				CLANG_WARN_SUSPICIOUS_MOVE = YES;
				CLANG_WARN_UNGUARDED_AVAILABILITY = YES_AGGRESSIVE;
				CLANG_WARN_UNREACHABLE_CODE = YES;
				CLANG_WARN__DUPLICATE_METHOD_MATCH = YES;
				CODE_SIGN_IDENTITY = "iPhone Developer";
				COPY_PHASE_STRIP = NO;
				DEBUG_INFORMATION_FORMAT = dwarf;
				ENABLE_STRICT_OBJC_MSGSEND = YES;
				ENABLE_TESTABILITY = YES;
				GCC_C_LANGUAGE_STANDARD = gnu11;
				GCC_DYNAMIC_NO_PIC = NO;
				GCC_NO_COMMON_BLOCKS = YES;
				GCC_OPTIMIZATION_LEVEL = 0;
				GCC_PREPROCESSOR_DEFINITIONS = (
					"DEBUG=1",
					"$(inherited)",
				);
				GCC_WARN_64_TO_32_BIT_CONVERSION = YES;
				GCC_WARN_ABOUT_RETURN_TYPE = YES_ERROR;
				GCC_WARN_UNDECLARED_SELECTOR = YES;
				GCC_WARN_UNINITIALIZED_AUTOS = YES_AGGRESSIVE;
				GCC_WARN_UNUSED_FUNCTION = YES;
				GCC_WARN_UNUSED_VARIABLE = YES;
				IPHONEOS_DEPLOYMENT_TARGET = 11.4;
				MTL_ENABLE_DEBUG_INFO = YES;
				ONLY_ACTIVE_ARCH = YES;
				SDKROOT = iphoneos;
			};
			name = Debug;
		};
		FCC0333320D361C300EA77CB /* Release */ = {
			isa = XCBuildConfiguration;
			buildSettings = {
				ALWAYS_SEARCH_USER_PATHS = NO;
				CLANG_ANALYZER_NONNULL = YES;
				CLANG_ANALYZER_NUMBER_OBJECT_CONVERSION = YES_AGGRESSIVE;
				CLANG_CXX_LANGUAGE_STANDARD = "gnu++14";
				CLANG_CXX_LIBRARY = "libc++";
				CLANG_ENABLE_MODULES = YES;
				CLANG_ENABLE_OBJC_ARC = YES;
				CLANG_ENABLE_OBJC_WEAK = YES;
				CLANG_WARN_BLOCK_CAPTURE_AUTORELEASING = YES;
				CLANG_WARN_BOOL_CONVERSION = YES;
				CLANG_WARN_COMMA = YES;
				CLANG_WARN_CONSTANT_CONVERSION = YES;
				CLANG_WARN_DEPRECATED_OBJC_IMPLEMENTATIONS = YES;
				CLANG_WARN_DIRECT_OBJC_ISA_USAGE = YES_ERROR;
				CLANG_WARN_DOCUMENTATION_COMMENTS = YES;
				CLANG_WARN_EMPTY_BODY = YES;
				CLANG_WARN_ENUM_CONVERSION = YES;
				CLANG_WARN_INFINITE_RECURSION = YES;
				CLANG_WARN_INT_CONVERSION = YES;
				CLANG_WARN_NON_LITERAL_NULL_CONVERSION = YES;
				CLANG_WARN_OBJC_IMPLICIT_RETAIN_SELF = YES;
				CLANG_WARN_OBJC_LITERAL_CONVERSION = YES;
				CLANG_WARN_OBJC_ROOT_CLASS = YES_ERROR;
				CLANG_WARN_RANGE_LOOP_ANALYSIS = YES;
				CLANG_WARN_STRICT_PROTOTYPES = YES;
				CLANG_WARN_SUSPICIOUS_MOVE = YES;
				CLANG_WARN_UNGUARDED_AVAILABILITY = YES_AGGRESSIVE;
				CLANG_WARN_UNREACHABLE_CODE = YES;
				CLANG_WARN__DUPLICATE_METHOD_MATCH = YES;
				CODE_SIGN_IDENTITY = "iPhone Developer";
				COPY_PHASE_STRIP = NO;
				DEBUG_INFORMATION_FORMAT = "dwarf-with-dsym";
				ENABLE_NS_ASSERTIONS = NO;
				ENABLE_STRICT_OBJC_MSGSEND = YES;
				GCC_C_LANGUAGE_STANDARD = gnu11;
				GCC_NO_COMMON_BLOCKS = YES;
				GCC_WARN_64_TO_32_BIT_CONVERSION = YES;
				GCC_WARN_ABOUT_RETURN_TYPE = YES_ERROR;
				GCC_WARN_UNDECLARED_SELECTOR = YES;
				GCC_WARN_UNINITIALIZED_AUTOS = YES_AGGRESSIVE;
				GCC_WARN_UNUSED_FUNCTION = YES;
				GCC_WARN_UNUSED_VARIABLE = YES;
				IPHONEOS_DEPLOYMENT_TARGET = 11.4;
				MTL_ENABLE_DEBUG_INFO = NO;
				SDKROOT = iphoneos;
				VALIDATE_PRODUCT = YES;
			};
			name = Release;
		};
		FCC0333520D361C300EA77CB /* Debug */ = {
			isa = XCBuildConfiguration;
			buildSettings = {
				ASSETCATALOG_COMPILER_APPICON_NAME = AppIcon;
				CODE_SIGN_STYLE = Automatic;
				INFOPLIST_FILE = WTFontSingleLineHeightCalculate/Info.plist;
				LD_RUNPATH_SEARCH_PATHS = (
					"$(inherited)",
					"@executable_path/Frameworks",
				);
				PRODUCT_BUNDLE_IDENTIFIER = orz.kael.WTFontSingleLineHeightCalculate;
				PRODUCT_NAME = "$(TARGET_NAME)";
				TARGETED_DEVICE_FAMILY = "1,2";
			};
			name = Debug;
		};
		FCC0333620D361C300EA77CB /* Release */ = {
			isa = XCBuildConfiguration;
			buildSettings = {
				ASSETCATALOG_COMPILER_APPICON_NAME = AppIcon;
				CODE_SIGN_STYLE = Automatic;
				INFOPLIST_FILE = WTFontSingleLineHeightCalculate/Info.plist;
				LD_RUNPATH_SEARCH_PATHS = (
					"$(inherited)",
					"@executable_path/Frameworks",
				);
				PRODUCT_BUNDLE_IDENTIFIER = orz.kael.WTFontSingleLineHeightCalculate;
				PRODUCT_NAME = "$(TARGET_NAME)";
				TARGETED_DEVICE_FAMILY = "1,2";
			};
			name = Release;
		};
/* End XCBuildConfiguration section */

/* Begin XCConfigurationList section */
		FCC0331920D361C100EA77CB /* Build configuration list for PBXProject "WTFontSingleLineHeightCalculate" */ = {
			isa = XCConfigurationList;
			buildConfigurations = (
				FCC0333220D361C300EA77CB /* Debug */,
				FCC0333320D361C300EA77CB /* Release */,
			);
			defaultConfigurationIsVisible = 0;
			defaultConfigurationName = Release;
		};
		FCC0333420D361C300EA77CB /* Build configuration list for PBXNativeTarget "WTFontSingleLineHeightCalculate" */ = {
			isa = XCConfigurationList;
			buildConfigurations = (
				FCC0333520D361C300EA77CB /* Debug */,
				FCC0333620D361C300EA77CB /* Release */,
			);
			defaultConfigurationIsVisible = 0;
			defaultConfigurationName = Release;
		};
/* End XCConfigurationList section */
	};
	rootObject = FCC0331620D361C100EA77CB /* Project object */;
}
